
Microsoft Visual Studio Solution File, Format Version 12.00
Project("{FAE04EC0-301F-11D3-BF4B-00C04F79EFBC}") = "P3PrintingOutput", "P3PrintingOutput\P3PrintingOutput.csproj", "{2678D01D-1C99-4D52-89BF-F35FD6020656}"
EndProject
Project("{FAE04EC0-301F-11D3-BF4B-00C04F79EFBC}") = "P4Comment", "P4Comment\P4Comment.csproj", "{DDEBA4CE-F8BD-46DF-BE82-FCCDC05D42B3}"
EndProject
Project("{FAE04EC0-301F-11D3-BF4B-00C04F79EFBC}") = "P5Variables", "P5Variables\P5Variables.csproj", "{D153C6E2-19CA-4B45-889C-F4D9380330C3}"
EndProject
Project("{FAE04EC0-301F-11D3-BF4B-00C04F79EFBC}") = "P6DataTypes", "P6DataTypes\P6DataTypes.csproj", "{77AF4FEE-1BF6-445A-9FDF-DF42BD0BB866}"
EndProject
Project("{FAE04EC0-301F-11D3-BF4B-00C04F79EFBC}") = "P7Input", "P7Input\P7Input.csproj", "{9E790776-ACDC-4DAD-916C-FCC90D6BFD49}"
EndProject
Project("{FAE04EC0-301F-11D3-BF4B-00C04F79EFBC}") = "P8Conversion", "P8Conversion\P8Conversion.csproj", "{7D7BBAD8-B949-4663-BC3D-C8FDD4FAE78D}"
EndProject
Project("{FAE04EC0-301F-11D3-BF4B-00C04F79EFBC}") = "P9Operaters", "P9Operaters\P9Operaters.csproj", "{4D882E12-021C-4761-951A-A83AA96EF042}"
EndProject
Project("{FAE04EC0-301F-11D3-BF4B-00C04F79EFBC}") = "PExercise", "PExercise\PExercise.csproj", "{EED8999E-A28E-45C8-B2D9-233F14269B08}"
EndProject
Global
	GlobalSection(SolutionConfigurationPlatforms) = preSolution
		Debug|Any CPU = Debug|Any CPU
		Release|Any CPU = Release|Any CPU
	EndGlobalSection
	GlobalSection(ProjectConfigurationPlatforms) = postSolution
		{2678D01D-1C99-4D52-89BF-F35FD6020656}.Debug|Any CPU.ActiveCfg = Debug|Any CPU
		{2678D01D-1C99-4D52-89BF-F35FD6020656}.Debug|Any CPU.Build.0 = Debug|Any CPU
		{2678D01D-1C99-4D52-89BF-F35FD6020656}.Release|Any CPU.ActiveCfg = Release|Any CPU
		{2678D01D-1C99-4D52-89BF-F35FD6020656}.Release|Any CPU.Build.0 = Release|Any CPU
		{DDEBA4CE-F8BD-46DF-BE82-FCCDC05D42B3}.Debug|Any CPU.ActiveCfg = Debug|Any CPU
		{DDEBA4CE-F8BD-46DF-BE82-FCCDC05D42B3}.Debug|Any CPU.Build.0 = Debug|Any CPU
		{DDEBA4CE-F8BD-46DF-BE82-FCCDC05D42B3}.Release|Any CPU.ActiveCfg = Release|Any CPU
		{DDEBA4CE-F8BD-46DF-BE82-FCCDC05D42B3}.Release|Any CPU.Build.0 = Release|Any CPU
		{D153C6E2-19CA-4B45-889C-F4D9380330C3}.Debug|Any CPU.ActiveCfg = Debug|Any CPU
		{D153C6E2-19CA-4B45-889C-F4D9380330C3}.Debug|Any CPU.Build.0 = Debug|Any CPU
		{D153C6E2-19CA-4B45-889C-F4D9380330C3}.Release|Any CPU.ActiveCfg = Release|Any CPU
		{D153C6E2-19CA-4B45-889C-F4D9380330C3}.Release|Any CPU.Build.0 = Release|Any CPU
		{77AF4FEE-1BF6-445A-9FDF-DF42BD0BB866}.Debug|Any CPU.ActiveCfg = Debug|Any CPU
		{77AF4FEE-1BF6-445A-9FDF-DF42BD0BB866}.Debug|Any CPU.Build.0 = Debug|Any CPU
		{77AF4FEE-1BF6-445A-9FDF-DF42BD0BB866}.Release|Any CPU.ActiveCfg = Release|Any CPU
		{77AF4FEE-1BF6-445A-9FDF-DF42BD0BB866}.Release|Any CPU.Build.0 = Release|Any CPU
		{9E790776-ACDC-4DAD-916C-FCC90D6BFD49}.Debug|Any CPU.ActiveCfg = Debug|Any CPU
		{9E790776-ACDC-4DAD-916C-FCC90D6BFD49}.Debug|Any CPU.Build.0 = Debug|Any CPU
		{9E790776-ACDC-4DAD-916C-FCC90D6BFD49}.Release|Any CPU.ActiveCfg = Release|Any CPU
		{9E790776-ACDC-4DAD-916C-FCC90D6BFD49}.Release|Any CPU.Build.0 = Release|Any CPU
		{7D7BBAD8-B949-4663-BC3D-C8FDD4FAE78D}.Debug|Any CPU.ActiveCfg = Debug|Any CPU
		{7D7BBAD8-B949-4663-BC3D-C8FDD4FAE78D}.Debug|Any CPU.Build.0 = Debug|Any CPU
		{7D7BBAD8-B949-4663-BC3D-C8FDD4FAE78D}.Release|Any CPU.ActiveCfg = Release|Any CPU
		{7D7BBAD8-B949-4663-BC3D-C8FDD4FAE78D}.Release|Any CPU.Build.0 = Release|Any CPU
		{4D882E12-021C-4761-951A-A83AA96EF042}.Debug|Any CPU.ActiveCfg = Debug|Any CPU
		{4D882E12-021C-4761-951A-A83AA96EF042}.Debug|Any CPU.Build.0 = Debug|Any CPU
		{4D882E12-021C-4761-951A-A83AA96EF042}.Release|Any CPU.ActiveCfg = Release|Any CPU
		{4D882E12-021C-4761-951A-A83AA96EF042}.Release|Any CPU.Build.0 = Release|Any CPU
		{EED8999E-A28E-45C8-B2D9-233F14269B08}.Debug|Any CPU.ActiveCfg = Debug|Any CPU
		{EED8999E-A28E-45C8-B2D9-233F14269B08}.Debug|Any CPU.Build.0 = Debug|Any CPU
		{EED8999E-A28E-45C8-B2D9-233F14269B08}.Release|Any CPU.ActiveCfg = Release|Any CPU
		{EED8999E-A28E-45C8-B2D9-233F14269B08}.Release|Any CPU.Build.0 = Release|Any CPU
	EndGlobalSection
EndGlobal
